// !$*UTF8*$!
{
	archiveVersion = 1;
	classes = {
	};
	objectVersion = 46;
	objects = {

/* Begin PBXBuildFile section */
		23B0D63E1E65526500D20AFB /* AppDelegate.swift in Sources */ = {isa = PBXBuildFile; fileRef = 23B0D63D1E65526500D20AFB /* AppDelegate.swift */; };
		23B0D6401E65526500D20AFB /* ViewController.swift in Sources */ = {isa = PBXBuildFile; fileRef = 23B0D63F1E65526500D20AFB /* ViewController.swift */; };
		23B0D6431E65526500D20AFB /* Main.storyboard in Resources */ = {isa = PBXBuildFile; fileRef = 23B0D6411E65526500D20AFB /* Main.storyboard */; };
		23B0D6451E65526500D20AFB /* Assets.xcassets in Resources */ = {isa = PBXBuildFile; fileRef = 23B0D6441E65526500D20AFB /* Assets.xcassets */; };
		23B0D6481E65526500D20AFB /* LaunchScreen.storyboard in Resources */ = {isa = PBXBuildFile; fileRef = 23B0D6461E65526500D20AFB /* LaunchScreen.storyboard */; };
/* End PBXBuildFile section */

/* Begin PBXFileReference section */
		23B0D63A1E65526500D20AFB /* CodePathTweeeeet.app */ = {isa = PBXFileReference; explicitFileType = wrapper.application; includeInIndex = 0; path = CodePathTweeeeet.app; sourceTree = BUILT_PRODUCTS_DIR; };
		23B0D63D1E65526500D20AFB /* AppDelegate.swift */ = {isa = PBXFileReference; lastKnownFileType = sourcecode.swift; path = AppDelegate.swift; sourceTree = "<group>"; };
		23B0D63F1E65526500D20AFB /* ViewController.swift */ = {isa = PBXFileReference; lastKnownFileType = sourcecode.swift; path = ViewController.swift; sourceTree = "<group>"; };
		23B0D6421E65526500D20AFB /* Base */ = {isa = PBXFileReference; lastKnownFileType = file.storyboard; name = Base; path = Base.lproj/Main.storyboard; sourceTree = "<group>"; };
		23B0D6441E65526500D20AFB /* Assets.xcassets */ = {isa = PBXFileReference; lastKnownFileType = folder.assetcatalog; path = Assets.xcassets; sourceTree = "<group>"; };
		23B0D6471E65526500D20AFB /* Base */ = {isa = PBXFileReference; lastKnownFileType = file.storyboard; name = Base; path = Base.lproj/LaunchScreen.storyboard; sourceTree = "<group>"; };
		23B0D6491E65526500D20AFB /* Info.plist */ = {isa = PBXFileReference; lastKnownFileType = text.plist.xml; path = Info.plist; sourceTree = "<group>"; };
/* End PBXFileReference section */

/* Begin PBXFrameworksBuildPhase section */
		23B0D6371E65526400D20AFB /* Frameworks */ = {
			isa = PBXFrameworksBuildPhase;
			buildActionMask = 2147483647;
			files = (
			);
			runOnlyForDeploymentPostprocessing = 0;
		};
/* End PBXFrameworksBuildPhase section */

/* Begin PBXGroup section */
		23B0D6311E65526400D20AFB = {
			isa = PBXGroup;
			children = (
				23B0D63C1E65526500D20AFB /* CodePathTweeeeet */,
				23B0D63B1E65526500D20AFB /* Products */,
			);
			sourceTree = "<group>";
		};
		23B0D63B1E65526500D20AFB /* Products */ = {
			isa = PBXGroup;
			children = (
				23B0D63A1E65526500D20AFB /* CodePathTweeeeet.app */,
			);
			name = Products;
			sourceTree = "<group>";
		};
		23B0D63C1E65526500D20AFB /* CodePathTweeeeet */ = {
			isa = PBXGroup;
			children = (
				23B0D63D1E65526500D20AFB /* AppDelegate.swift */,
				23B0D63F1E65526500D20AFB /* ViewController.swift */,
				23B0D6411E65526500D20AFB /* Main.storyboard */,
				23B0D6441E65526500D20AFB /* Assets.xcassets */,
				23B0D6461E65526500D20AFB /* LaunchScreen.storyboard */,
				23B0D6491E65526500D20AFB /* Info.plist */,
			);
			path = CodePathTweeeeet;
			sourceTree = "<group>";
		};
/* End PBXGroup section */

/* Begin PBXNativeTarget section */
		23B0D6391E65526400D20AFB /* CodePathTweeeeet */ = {
			isa = PBXNativeTarget;
			buildConfigurationList = 23B0D64C1E65526500D20AFB /* Build configuration list for PBXNativeTarget "CodePathTweeeeet" */;
			buildPhases = (
				23B0D6361E65526400D20AFB /* Sources */,
				23B0D6371E65526400D20AFB /* Frameworks */,
				23B0D6381E65526400D20AFB /* Resources */,
			);
			buildRules = (
			);
			dependencies = (
			);
			name = CodePathTweeeeet;
			productName = CodePathTweeeeet;
			productReference = 23B0D63A1E65526500D20AFB /* CodePathTweeeeet.app */;
			productType = "com.apple.product-type.application";
		};
/* End PBXNativeTarget section */

/* Begin PBXProject section */
		23B0D6321E65526400D20AFB /* Project object */ = {
			isa = PBXProject;
			attributes = {
				LastSwiftUpdateCheck = 0820;
				LastUpgradeCheck = 0820;
				ORGANIZATIONNAME = "Sim Singh";
				TargetAttributes = {
					23B0D6391E65526400D20AFB = {
						CreatedOnToolsVersion = 8.2.1;
						ProvisioningStyle = Automatic;
					};
				};
			};
			buildConfigurationList = 23B0D6351E65526400D20AFB /* Build configuration list for PBXProject "CodePathTweeeeet" */;
			compatibilityVersion = "Xcode 3.2";
			developmentRegion = English;
			hasScannedForEncodings = 0;
			knownRegions = (
				en,
				Base,
			);
			mainGroup = 23B0D6311E65526400D20AFB;
			productRefGroup = 23B0D63B1E65526500D20AFB /* Products */;
			projectDirPath = "";
			projectRoot = "";
			targets = (
				23B0D6391E65526400D20AFB /* CodePathTweeeeet */,
			);
		};
/* End PBXProject section */

/* Begin PBXResourcesBuildPhase section */
		23B0D6381E65526400D20AFB /* Resources */ = {
			isa = PBXResourcesBuildPhase;
			buildActionMask = 2147483647;
			files = (
				23B0D6481E65526500D20AFB /* LaunchScreen.storyboard in Resources */,
				23B0D6451E65526500D20AFB /* Assets.xcassets in Resources */,
				23B0D6431E65526500D20AFB /* Main.storyboard in Resources */,
			);
			runOnlyForDeploymentPostprocessing = 0;
		};
/* End PBXResourcesBuildPhase section */

/* Begin PBXSourcesBuildPhase section */
		23B0D6361E65526400D20AFB /* Sources */ = {
			isa = PBXSourcesBuildPhase;
			buildActionMask = 2147483647;
			files = (
				23B0D6401E65526500D20AFB /* ViewController.swift in Sources */,
				23B0D63E1E65526500D20AFB /* AppDelegate.swift in Sources */,
			);
			runOnlyForDeploymentPostprocessing = 0;
		};
/* End PBXSourcesBuildPhase section */

/* Begin PBXVariantGroup section */
		23B0D6411E65526500D20AFB /* Main.storyboard */ = {
			isa = PBXVariantGroup;
			children = (
				23B0D6421E65526500D20AFB /* Base */,
			);
			name = Main.storyboard;
			sourceTree = "<group>";
		};
		23B0D6461E65526500D20AFB /* LaunchScreen.storyboard */ = {
			isa = PBXVariantGroup;
			children = (
				23B0D6471E65526500D20AFB /* Base */,
			);
			name = LaunchScreen.storyboard;
			sourceTree = "<group>";
		};
/* End PBXVariantGroup section */

/* Begin XCBuildConfiguration section */
		23B0D64A1E65526500D20AFB /* Debug */ = {
			isa = XCBuildConfiguration;
			buildSettings = {
				ALWAYS_SEARCH_USER_PATHS = NO;
				CLANG_ANALYZER_NONNULL = YES;
				CLANG_CXX_LANGUAGE_STANDARD = "gnu++0x";
				CLANG_CXX_LIBRARY = "libc++";
				CLANG_ENABLE_MODULES = YES;
				CLANG_ENABLE_OBJC_ARC = YES;
				CLANG_WARN_BOOL_CONVERSION = YES;
				CLANG_WARN_CONSTANT_CONVERSION = YES;
				CLANG_WARN_DIRECT_OBJC_ISA_USAGE = YES_ERROR;
				CLANG_WARN_DOCUMENTATION_COMMENTS = YES;
				CLANG_WARN_EMPTY_BODY = YES;
				CLANG_WARN_ENUM_CONVERSION = YES;
				CLANG_WARN_INFINITE_RECURSION = YES;
				CLANG_WARN_INT_CONVERSION = YES;
				CLANG_WARN_OBJC_ROOT_CLASS = YES_ERROR;
				CLANG_WARN_SUSPICIOUS_MOVE = YES;
				CLANG_WARN_UNREACHABLE_CODE = YES;
				CLANG_WARN__DUPLICATE_METHOD_MATCH = YES;
				"CODE_SIGN_IDENTITY[sdk=iphoneos*]" = "iPhone Developer";
				COPY_PHASE_STRIP = NO;
				DEBUG_INFORMATION_FORMAT = dwarf;
				ENABLE_STRICT_OBJC_MSGSEND = YES;
				ENABLE_TESTABILITY = YES;
				GCC_C_LANGUAGE_STANDARD = gnu99;
				GCC_DYNAMIC_NO_PIC = NO;
				GCC_NO_COMMON_BLOCKS = YES;
				GCC_OPTIMIZATION_LEVEL = 0;
				GCC_PREPROCESSOR_DEFINITIONS = (
					"DEBUG=1",
					"$(inherited)",
				);
				GCC_WARN_64_TO_32_BIT_CONVERSION = YES;
				GCC_WARN_ABOUT_RETURN_TYPE = YES_ERROR;
				GCC_WARN_UNDECLARED_SELECTOR = YES;
				GCC_WARN_UNINITIALIZED_AUTOS = YES_AGGRESSIVE;
				GCC_WARN_UNUSED_FUNCTION = YES;
				GCC_WARN_UNUSED_VARIABLE = YES;
				IPHONEOS_DEPLOYMENT_TARGET = 10.2;
				MTL_ENABLE_DEBUG_INFO = YES;
				ONLY_ACTIVE_ARCH = YES;
				SDKROOT = iphoneos;
				SWIFT_ACTIVE_COMPILATION_CONDITIONS = DEBUG;
				SWIFT_OPTIMIZATION_LEVEL = "-Onone";
			};
			name = Debug;
		};
		23B0D64B1E65526500D20AFB /* Release */ = {
			isa = XCBuildConfiguration;
			buildSettings = {
				ALWAYS_SEARCH_USER_PATHS = NO;
				CLANG_ANALYZER_NONNULL = YES;
				CLANG_CXX_LANGUAGE_STANDARD = "gnu++0x";
				CLANG_CXX_LIBRARY = "libc++";
				CLANG_ENABLE_MODULES = YES;
				CLANG_ENABLE_OBJC_ARC = YES;
				CLANG_WARN_BOOL_CONVERSION = YES;
				CLANG_WARN_CONSTANT_CONVERSION = YES;
				CLANG_WARN_DIRECT_OBJC_ISA_USAGE = YES_ERROR;
				CLANG_WARN_DOCUMENTATION_COMMENTS = YES;
				CLANG_WARN_EMPTY_BODY = YES;
				CLANG_WARN_ENUM_CONVERSION = YES;
				CLANG_WARN_INFINITE_RECURSION = YES;
				CLANG_WARN_INT_CONVERSION = YES;
				CLANG_WARN_OBJC_ROOT_CLASS = YES_ERROR;
				CLANG_WARN_SUSPICIOUS_MOVE = YES;
				CLANG_WARN_UNREACHABLE_CODE = YES;
				CLANG_WARN__DUPLICATE_METHOD_MATCH = YES;
				"CODE_SIGN_IDENTITY[sdk=iphoneos*]" = "iPhone Developer";
				COPY_PHASE_STRIP = NO;
				DEBUG_INFORMATION_FORMAT = "dwarf-with-dsym";
				ENABLE_NS_ASSERTIONS = NO;
				ENABLE_STRICT_OBJC_MSGSEND = YES;
				GCC_C_LANGUAGE_STANDARD = gnu99;
				GCC_NO_COMMON_BLOCKS = YES;
				GCC_WARN_64_TO_32_BIT_CONVERSION = YES;
				GCC_WARN_ABOUT_RETURN_TYPE = YES_ERROR;
				GCC_WARN_UNDECLARED_SELECTOR = YES;
				GCC_WARN_UNINITIALIZED_AUTOS = YES_AGGRESSIVE;
				GCC_WARN_UNUSED_FUNCTION = YES;
				GCC_WARN_UNUSED_VARIABLE = YES;
				IPHONEOS_DEPLOYMENT_TARGET = 10.2;
				MTL_ENABLE_DEBUG_INFO = NO;
				SDKROOT = iphoneos;
				SWIFT_OPTIMIZATION_LEVEL = "-Owholemodule";
				VALIDATE_PRODUCT = YES;
			};
			name = Release;
		};
		23B0D64D1E65526500D20AFB /* Debug */ = {
			isa = XCBuildConfiguration;
			buildSettings = {
				ASSETCATALOG_COMPILER_APPICON_NAME = AppIcon;
				INFOPLIST_FILE = CodePathTweeeeet/Info.plist;
				LD_RUNPATH_SEARCH_PATHS = "$(inherited) @executable_path/Frameworks";
				PRODUCT_BUNDLE_IDENTIFIER = com.sim.CodePathTweeeeet;
				PRODUCT_NAME = "$(TARGET_NAME)";
				SWIFT_VERSION = 3.0;
			};
			name = Debug;
		};
		23B0D64E1E65526500D20AFB /* Release */ = {
			isa = XCBuildConfiguration;
			buildSettings = {
				ASSETCATALOG_COMPILER_APPICON_NAME = AppIcon;
				INFOPLIST_FILE = CodePathTweeeeet/Info.plist;
				LD_RUNPATH_SEARCH_PATHS = "$(inherited) @executable_path/Frameworks";
				PRODUCT_BUNDLE_IDENTIFIER = com.sim.CodePathTweeeeet;
				PRODUCT_NAME = "$(TARGET_NAME)";
				SWIFT_VERSION = 3.0;
			};
			name = Release;
		};
/* End XCBuildConfiguration section */

/* Begin XCConfigurationList section */
		23B0D6351E65526400D20AFB /* Build configuration list for PBXProject "CodePathTweeeeet" */ = {
			isa = XCConfigurationList;
			buildConfigurations = (
				23B0D64A1E65526500D20AFB /* Debug */,
				23B0D64B1E65526500D20AFB /* Release */,
			);
			defaultConfigurationIsVisible = 0;
			defaultConfigurationName = Release;
		};
		23B0D64C1E65526500D20AFB /* Build configuration list for PBXNativeTarget "CodePathTweeeeet" */ = {
			isa = XCConfigurationList;
			buildConfigurations = (
				23B0D64D1E65526500D20AFB /* Debug */,
				23B0D64E1E65526500D20AFB /* Release */,
			);
			defaultConfigurationIsVisible = 0;
		};
/* End XCConfigurationList section */
	};
	rootObject = 23B0D6321E65526400D20AFB /* Project object */;
}
